{
  "name": "utilities",
  "version": "1.0.0",
  "lockfileVersion": 3,
  "requires": true,
  "packages": {
    "": {
      "name": "utilities",
      "version": "1.0.0",
      "license": "ISC",
      "dependencies": {
        "utilities": "^1.0.6"
      }
    },
    "node_modules/utilities": {
      "version": "1.0.6",
      "resolved": "https://registry.npmjs.org/utilities/-/utilities-1.0.6.tgz",
      "integrity": "sha512-OYHwdtji3y636osVdsuLdXT4swOAAEwgznGZey9cgGtQma31eLsZ9NzEarQARcIQAv81EBZrCIKn6nIDmv9cZw==",
      "deprecated": "This package is no longer maintained and vulnerability exists.",
      "engines": {
        "node": "*"
      }
    }
  }
}
